
Microsoft Visual Studio Solution File, Format Version 12.00
# Visual Studio Version 16
VisualStudioVersion = 16.0.31729.503
MinimumVisualStudioVersion = 10.0.40219.1
Project("{FAE04EC0-301F-11D3-BF4B-00C04F79EFBC}") = "pract8_1", "pract8_1\pract8_1.csproj", "{A37AB9B7-844A-4E1B-B77F-681057ED5C28}"
EndProject
Global
	GlobalSection(SolutionConfigurationPlatforms) = preSolution
		Debug|Any CPU = Debug|Any CPU
		Release|Any CPU = Release|Any CPU
	EndGlobalSection
	GlobalSection(ProjectConfigurationPlatforms) = postSolution
		{A37AB9B7-844A-4E1B-B77F-681057ED5C28}.Debug|Any CPU.ActiveCfg = Debug|Any CPU
		{A37AB9B7-844A-4E1B-B77F-681057ED5C28}.Debug|Any CPU.Build.0 = Debug|Any CPU
		{A37AB9B7-844A-4E1B-B77F-681057ED5C28}.Release|Any CPU.ActiveCfg = Release|Any CPU
		{A37AB9B7-844A-4E1B-B77F-681057ED5C28}.Release|Any CPU.Build.0 = Release|Any CPU
	EndGlobalSection
	GlobalSection(SolutionProperties) = preSolution
		HideSolutionNode = FALSE
	EndGlobalSection
	GlobalSection(ExtensibilityGlobals) = postSolution
		SolutionGuid = {04E5629A-7C53-444F-AE29-35D388D9CDAF}
	EndGlobalSection
EndGlobal
