
Microsoft Visual Studio Solution File, Format Version 12.00
# Visual Studio Version 16
VisualStudioVersion = 16.0.31729.503
MinimumVisualStudioVersion = 10.0.40219.1
Project("{FAE04EC0-301F-11D3-BF4B-00C04F79EFBC}") = "pract7_1", "pract7_1\pract7_1.csproj", "{809662F8-FAE1-411A-BFE9-E0EA2226D44F}"
EndProject
Global
	GlobalSection(SolutionConfigurationPlatforms) = preSolution
		Debug|Any CPU = Debug|Any CPU
		Release|Any CPU = Release|Any CPU
	EndGlobalSection
	GlobalSection(ProjectConfigurationPlatforms) = postSolution
		{809662F8-FAE1-411A-BFE9-E0EA2226D44F}.Debug|Any CPU.ActiveCfg = Debug|Any CPU
		{809662F8-FAE1-411A-BFE9-E0EA2226D44F}.Debug|Any CPU.Build.0 = Debug|Any CPU
		{809662F8-FAE1-411A-BFE9-E0EA2226D44F}.Release|Any CPU.ActiveCfg = Release|Any CPU
		{809662F8-FAE1-411A-BFE9-E0EA2226D44F}.Release|Any CPU.Build.0 = Release|Any CPU
	EndGlobalSection
	GlobalSection(SolutionProperties) = preSolution
		HideSolutionNode = FALSE
	EndGlobalSection
	GlobalSection(ExtensibilityGlobals) = postSolution
		SolutionGuid = {53F92748-E00E-488A-A60C-691BA923CEED}
	EndGlobalSection
EndGlobal
